
Microsoft Visual Studio Solution File, Format Version 12.00
# Visual Studio 15
VisualStudioVersion = 15.0.26730.15
MinimumVisualStudioVersion = 10.0.40219.1
Project("{8BC9CEB8-8B4A-11D0-8D11-00A0C91BC942}") = "Core", "Core\Core.vcxproj", "{290970A8-1DBA-4B3E-8E0B-D70D8F245770}"
EndProject
Project("{8BC9CEB8-8B4A-11D0-8D11-00A0C91BC942}") = "Cheatrite", "Cheatrite\Cheatrite.vcxproj", "{B00478F4-E8DC-499E-8BDD-0A437528072D}"
	ProjectSection(ProjectDependencies) = postProject
		{290970A8-1DBA-4B3E-8E0B-D70D8F245770} = {290970A8-1DBA-4B3E-8E0B-D70D8F245770}
	EndProjectSection
EndProject
Global
	GlobalSection(SolutionConfigurationPlatforms) = preSolution
		Debug|x64 = Debug|x64
		Debug|x86 = Debug|x86
		Release|x64 = Release|x64
		Release|x86 = Release|x86
	EndGlobalSection
	GlobalSection(ProjectConfigurationPlatforms) = postSolution
		{290970A8-1DBA-4B3E-8E0B-D70D8F245770}.Debug|x64.ActiveCfg = Debug|x64
		{290970A8-1DBA-4B3E-8E0B-D70D8F245770}.Debug|x86.ActiveCfg = Debug|Win32
		{290970A8-1DBA-4B3E-8E0B-D70D8F245770}.Debug|x86.Build.0 = Debug|Win32
		{290970A8-1DBA-4B3E-8E0B-D70D8F245770}.Release|x64.ActiveCfg = Release|x64
		{290970A8-1DBA-4B3E-8E0B-D70D8F245770}.Release|x64.Build.0 = Release|x64
		{290970A8-1DBA-4B3E-8E0B-D70D8F245770}.Release|x86.ActiveCfg = Release|Win32
		{290970A8-1DBA-4B3E-8E0B-D70D8F245770}.Release|x86.Build.0 = Release|Win32
		{B00478F4-E8DC-499E-8BDD-0A437528072D}.Debug|x64.ActiveCfg = Debug|x64
		{B00478F4-E8DC-499E-8BDD-0A437528072D}.Debug|x86.ActiveCfg = Debug|Win32
		{B00478F4-E8DC-499E-8BDD-0A437528072D}.Debug|x86.Build.0 = Debug|Win32
		{B00478F4-E8DC-499E-8BDD-0A437528072D}.Release|x64.ActiveCfg = Release|x64
		{B00478F4-E8DC-499E-8BDD-0A437528072D}.Release|x64.Build.0 = Release|x64
		{B00478F4-E8DC-499E-8BDD-0A437528072D}.Release|x86.ActiveCfg = Release|Win32
		{B00478F4-E8DC-499E-8BDD-0A437528072D}.Release|x86.Build.0 = Release|Win32
	EndGlobalSection
	GlobalSection(SolutionProperties) = preSolution
		HideSolutionNode = FALSE
	EndGlobalSection
	GlobalSection(ExtensibilityGlobals) = postSolution
		SolutionGuid = {700E9FB4-5ECB-4492-BE59-DA578DA1E844}
	EndGlobalSection
EndGlobal
